
Microsoft Visual Studio Solution File, Format Version 12.00
# Visual Studio Version 16
VisualStudioVersion = 16.0.29306.81
MinimumVisualStudioVersion = 10.0.40219.1
Project("{FAE04EC0-301F-11D3-BF4B-00C04F79EFBC}") = "PrimeFactors", "PrimeFactors\PrimeFactors.csproj", "{8CD34156-50FC-4F5C-9A5D-397E22504D4D}"
EndProject
Global
	GlobalSection(SolutionConfigurationPlatforms) = preSolution
		Debug|Any CPU = Debug|Any CPU
		Release|Any CPU = Release|Any CPU
	EndGlobalSection
	GlobalSection(ProjectConfigurationPlatforms) = postSolution
		{8CD34156-50FC-4F5C-9A5D-397E22504D4D}.Debug|Any CPU.ActiveCfg = Debug|Any CPU
		{8CD34156-50FC-4F5C-9A5D-397E22504D4D}.Debug|Any CPU.Build.0 = Debug|Any CPU
		{8CD34156-50FC-4F5C-9A5D-397E22504D4D}.Release|Any CPU.ActiveCfg = Release|Any CPU
		{8CD34156-50FC-4F5C-9A5D-397E22504D4D}.Release|Any CPU.Build.0 = Release|Any CPU
	EndGlobalSection
	GlobalSection(SolutionProperties) = preSolution
		HideSolutionNode = FALSE
	EndGlobalSection
	GlobalSection(ExtensibilityGlobals) = postSolution
		SolutionGuid = {14564A23-746F-41F1-8427-463A0C3933A4}
	EndGlobalSection
EndGlobal
